
Microsoft Visual Studio Solution File, Format Version 12.00
# Visual Studio Version 17
VisualStudioVersion = 17.4.33213.308
MinimumVisualStudioVersion = 10.0.40219.1
Project("{888888A0-9F3D-457C-B088-3A5042F75D52}") = "firstProgramm", "firstProgramm\firstProgramm.pyproj", "{3AF77C77-D060-4855-B48A-C8357E568987}"
EndProject
Global
	GlobalSection(SolutionConfigurationPlatforms) = preSolution
		Debug|Any CPU = Debug|Any CPU
		Release|Any CPU = Release|Any CPU
	EndGlobalSection
	GlobalSection(ProjectConfigurationPlatforms) = postSolution
		{3AF77C77-D060-4855-B48A-C8357E568987}.Debug|Any CPU.ActiveCfg = Debug|Any CPU
		{3AF77C77-D060-4855-B48A-C8357E568987}.Release|Any CPU.ActiveCfg = Release|Any CPU
	EndGlobalSection
	GlobalSection(SolutionProperties) = preSolution
		HideSolutionNode = FALSE
	EndGlobalSection
	GlobalSection(ExtensibilityGlobals) = postSolution
		SolutionGuid = {381B7451-2D91-4924-99FE-AE358812E950}
	EndGlobalSection
EndGlobal
